
Microsoft Visual Studio Solution File, Format Version 12.00
# Visual Studio Version 17
VisualStudioVersion = 17.9.34728.123
MinimumVisualStudioVersion = 10.0.40219.1
Project("{FAE04EC0-301F-11D3-BF4B-00C04F79EFBC}") = "Assignment 6.2.2", "Assignment 6.2.2.csproj", "{F5C9D68F-B370-4785-844E-C11490CEBEBF}"
EndProject
Global
	GlobalSection(SolutionConfigurationPlatforms) = preSolution
		Debug|Any CPU = Debug|Any CPU
		Release|Any CPU = Release|Any CPU
	EndGlobalSection
	GlobalSection(ProjectConfigurationPlatforms) = postSolution
		{F5C9D68F-B370-4785-844E-C11490CEBEBF}.Debug|Any CPU.ActiveCfg = Debug|Any CPU
		{F5C9D68F-B370-4785-844E-C11490CEBEBF}.Debug|Any CPU.Build.0 = Debug|Any CPU
		{F5C9D68F-B370-4785-844E-C11490CEBEBF}.Release|Any CPU.ActiveCfg = Release|Any CPU
		{F5C9D68F-B370-4785-844E-C11490CEBEBF}.Release|Any CPU.Build.0 = Release|Any CPU
	EndGlobalSection
	GlobalSection(SolutionProperties) = preSolution
		HideSolutionNode = FALSE
	EndGlobalSection
	GlobalSection(ExtensibilityGlobals) = postSolution
		SolutionGuid = {82680EEC-BDD0-42AE-B1E9-41D0C725B41C}
	EndGlobalSection
EndGlobal
